
Microsoft Visual Studio Solution File, Format Version 12.00
# Visual Studio Version 17
VisualStudioVersion = 17.4.33213.308
MinimumVisualStudioVersion = 10.0.40219.1
Project("{FAE04EC0-301F-11D3-BF4B-00C04F79EFBC}") = "kai-server", "kai-server.csproj", "{40048E7A-DF25-4A4D-B07C-4E6A357E9D03}"
EndProject
Global
	GlobalSection(SolutionConfigurationPlatforms) = preSolution
		Debug|Any CPU = Debug|Any CPU
		Release|Any CPU = Release|Any CPU
	EndGlobalSection
	GlobalSection(ProjectConfigurationPlatforms) = postSolution
		{40048E7A-DF25-4A4D-B07C-4E6A357E9D03}.Debug|Any CPU.ActiveCfg = Debug|Any CPU
		{40048E7A-DF25-4A4D-B07C-4E6A357E9D03}.Debug|Any CPU.Build.0 = Debug|Any CPU
		{40048E7A-DF25-4A4D-B07C-4E6A357E9D03}.Release|Any CPU.ActiveCfg = Release|Any CPU
		{40048E7A-DF25-4A4D-B07C-4E6A357E9D03}.Release|Any CPU.Build.0 = Release|Any CPU
	EndGlobalSection
	GlobalSection(SolutionProperties) = preSolution
		HideSolutionNode = FALSE
	EndGlobalSection
	GlobalSection(ExtensibilityGlobals) = postSolution
		SolutionGuid = {DE0F4BEE-2157-4338-9800-309FD80244CA}
	EndGlobalSection
EndGlobal
